github.com/tmw/pathfind v0.0.0-20240104080912-57dc86a4275d h1:OrAcVN6DKCLfixkB7Mxt775ccz7Jx4KK2PFFSxvoFL8=
github.com/tmw/pathfind v0.0.0-20240104080912-57dc86a4275d/go.mod h1:tTr3qEy+PiiniQ+0/1XXZur+ioAfbj/gMB5OdvN6ZW0=
github.com/tmw/pathfind v0.0.0-20240107162609-9d97bcfa4577 h1:lseLR7IQUunNoiL5P6ifkh86M5KJCvJ6ysR35nCjWtk=
github.com/tmw/pathfind v0.0.0-20240107162609-9d97bcfa4577/go.mod h1:tTr3qEy+PiiniQ+0/1XXZur+ioAfbj/gMB5OdvN6ZW0=
